Microsoft Visual Studio Solution File, Format Version 12.00
# Visual Studio Version 17
VisualStudioVersion = 17.5.2.0
MinimumVisualStudioVersion = 10.0.40219.1
Project("{FAE04EC0-301F-11D3-BF4B-00C04F79EFBC}") = "AuthMicroservice", "AuthMicroservice.csproj", "{A29439AA-409C-9239-12CF-DAA54856A345}"
EndProject
Global
	GlobalSection(SolutionConfigurationPlatforms) = preSolution
		Debug|Any CPU = Debug|Any CPU
		Release|Any CPU = Release|Any CPU
	EndGlobalSection
	GlobalSection(ProjectConfigurationPlatforms) = postSolution
		{A29439AA-409C-9239-12CF-DAA54856A345}.Debug|Any CPU.ActiveCfg = Debug|Any CPU
		{A29439AA-409C-9239-12CF-DAA54856A345}.Debug|Any CPU.Build.0 = Debug|Any CPU
		{A29439AA-409C-9239-12CF-DAA54856A345}.Release|Any CPU.ActiveCfg = Release|Any CPU
		{A29439AA-409C-9239-12CF-DAA54856A345}.Release|Any CPU.Build.0 = Release|Any CPU
	EndGlobalSection
	GlobalSection(SolutionProperties) = preSolution
		HideSolutionNode = FALSE
	EndGlobalSection
	GlobalSection(ExtensibilityGlobals) = postSolution
		SolutionGuid = {2711027F-2737-41F6-9226-D7660FFBD03B}
	EndGlobalSection
EndGlobal
